// !$*UTF8*$!
{
	archiveVersion = 1;
	classes = {
	};
	objectVersion = 46;
	objects = {

/* Begin PBXBuildFile section */
		FC497C621EE2140D004174EF /* AppDelegate.swift in Sources */ = {isa = PBXBuildFile; fileRef = FC497C611EE2140D004174EF /* AppDelegate.swift */; };
		FC497C671EE2140D004174EF /* Main.storyboard in Resources */ = {isa = PBXBuildFile; fileRef = FC497C651EE2140D004174EF /* Main.storyboard */; };
		FC497C691EE2140D004174EF /* Assets.xcassets in Resources */ = {isa = PBXBuildFile; fileRef = FC497C681EE2140D004174EF /* Assets.xcassets */; };
		FC497C6C1EE2140D004174EF /* LaunchScreen.storyboard in Resources */ = {isa = PBXBuildFile; fileRef = FC497C6A1EE2140D004174EF /* LaunchScreen.storyboard */; };
		FC497C771EE216E0004174EF /* CircleBtn.swift in Sources */ = {isa = PBXBuildFile; fileRef = FC497C761EE216E0004174EF /* CircleBtn.swift */; };
		FC497C791EE21AEB004174EF /* MainVC.swift in Sources */ = {isa = PBXBuildFile; fileRef = FC497C781EE21AEB004174EF /* MainVC.swift */; };
		FC497C7B1EE21B99004174EF /* BtnProtocol.swift in Sources */ = {isa = PBXBuildFile; fileRef = FC497C7A1EE21B99004174EF /* BtnProtocol.swift */; };
/* End PBXBuildFile section */

/* Begin PBXFileReference section */
		FC497C5E1EE2140D004174EF /* Scribe.app */ = {isa = PBXFileReference; explicitFileType = wrapper.application; includeInIndex = 0; path = Scribe.app; sourceTree = BUILT_PRODUCTS_DIR; };
		FC497C611EE2140D004174EF /* AppDelegate.swift */ = {isa = PBXFileReference; lastKnownFileType = sourcecode.swift; path = AppDelegate.swift; sourceTree = "<group>"; };
		FC497C661EE2140D004174EF /* Base */ = {isa = PBXFileReference; lastKnownFileType = file.storyboard; name = Base; path = Base.lproj/Main.storyboard; sourceTree = "<group>"; };
		FC497C681EE2140D004174EF /* Assets.xcassets */ = {isa = PBXFileReference; lastKnownFileType = folder.assetcatalog; path = Assets.xcassets; sourceTree = "<group>"; };
		FC497C6B1EE2140D004174EF /* Base */ = {isa = PBXFileReference; lastKnownFileType = file.storyboard; name = Base; path = Base.lproj/LaunchScreen.storyboard; sourceTree = "<group>"; };
		FC497C6D1EE2140D004174EF /* Info.plist */ = {isa = PBXFileReference; lastKnownFileType = text.plist.xml; path = Info.plist; sourceTree = "<group>"; };
		FC497C761EE216E0004174EF /* CircleBtn.swift */ = {isa = PBXFileReference; fileEncoding = 4; lastKnownFileType = sourcecode.swift; path = CircleBtn.swift; sourceTree = "<group>"; };
		FC497C781EE21AEB004174EF /* MainVC.swift */ = {isa = PBXFileReference; fileEncoding = 4; lastKnownFileType = sourcecode.swift; path = MainVC.swift; sourceTree = "<group>"; };
		FC497C7A1EE21B99004174EF /* BtnProtocol.swift */ = {isa = PBXFileReference; fileEncoding = 4; lastKnownFileType = sourcecode.swift; path = BtnProtocol.swift; sourceTree = "<group>"; };
/* End PBXFileReference section */

/* Begin PBXFrameworksBuildPhase section */
		FC497C5B1EE2140D004174EF /* Frameworks */ = {
			isa = PBXFrameworksBuildPhase;
			buildActionMask = 2147483647;
			files = (
			);
			runOnlyForDeploymentPostprocessing = 0;
		};
/* End PBXFrameworksBuildPhase section */

/* Begin PBXGroup section */
		FC497C551EE2140D004174EF = {
			isa = PBXGroup;
			children = (
				FC497C601EE2140D004174EF /* Scribe */,
				FC497C5F1EE2140D004174EF /* Products */,
			);
			sourceTree = "<group>";
		};
		FC497C5F1EE2140D004174EF /* Products */ = {
			isa = PBXGroup;
			children = (
				FC497C5E1EE2140D004174EF /* Scribe.app */,
			);
			name = Products;
			sourceTree = "<group>";
		};
		FC497C601EE2140D004174EF /* Scribe */ = {
			isa = PBXGroup;
			children = (
				FC497C751EE216B7004174EF /* Controller */,
				FC497C741EE216B1004174EF /* View */,
				FC497C731EE216A1004174EF /* Model */,
				FC497C611EE2140D004174EF /* AppDelegate.swift */,
				FC497C681EE2140D004174EF /* Assets.xcassets */,
				FC497C6A1EE2140D004174EF /* LaunchScreen.storyboard */,
				FC497C6D1EE2140D004174EF /* Info.plist */,
				FC497C7A1EE21B99004174EF /* BtnProtocol.swift */,
			);
			path = Scribe;
			sourceTree = "<group>";
		};
		FC497C731EE216A1004174EF /* Model */ = {
			isa = PBXGroup;
			children = (
			);
			name = Model;
			sourceTree = "<group>";
		};
		FC497C741EE216B1004174EF /* View */ = {
			isa = PBXGroup;
			children = (
				FC497C651EE2140D004174EF /* Main.storyboard */,
				FC497C761EE216E0004174EF /* CircleBtn.swift */,
			);
			name = View;
			sourceTree = "<group>";
		};
		FC497C751EE216B7004174EF /* Controller */ = {
			isa = PBXGroup;
			children = (
				FC497C781EE21AEB004174EF /* MainVC.swift */,
			);
			name = Controller;
			sourceTree = "<group>";
		};
/* End PBXGroup section */

/* Begin PBXNativeTarget section */
		FC497C5D1EE2140D004174EF /* Scribe */ = {
			isa = PBXNativeTarget;
			buildConfigurationList = FC497C701EE2140D004174EF /* Build configuration list for PBXNativeTarget "Scribe" */;
			buildPhases = (
				FC497C5A1EE2140D004174EF /* Sources */,
				FC497C5B1EE2140D004174EF /* Frameworks */,
				FC497C5C1EE2140D004174EF /* Resources */,
			);
			buildRules = (
			);
			dependencies = (
			);
			name = Scribe;
			productName = Scribe;
			productReference = FC497C5E1EE2140D004174EF /* Scribe.app */;
			productType = "com.apple.product-type.application";
		};
/* End PBXNativeTarget section */

/* Begin PBXProject section */
		FC497C561EE2140D004174EF /* Project object */ = {
			isa = PBXProject;
			attributes = {
				LastSwiftUpdateCheck = 0830;
				LastUpgradeCheck = 0830;
				ORGANIZATIONNAME = "Yunpeng Gao";
				TargetAttributes = {
					FC497C5D1EE2140D004174EF = {
						CreatedOnToolsVersion = 8.3.2;
						DevelopmentTeam = 93FJH37VVW;
						ProvisioningStyle = Automatic;
					};
				};
			};
			buildConfigurationList = FC497C591EE2140D004174EF /* Build configuration list for PBXProject "Scribe" */;
			compatibilityVersion = "Xcode 3.2";
			developmentRegion = English;
			hasScannedForEncodings = 0;
			knownRegions = (
				en,
				Base,
			);
			mainGroup = FC497C551EE2140D004174EF;
			productRefGroup = FC497C5F1EE2140D004174EF /* Products */;
			projectDirPath = "";
			projectRoot = "";
			targets = (
				FC497C5D1EE2140D004174EF /* Scribe */,
			);
		};
/* End PBXProject section */

/* Begin PBXResourcesBuildPhase section */
		FC497C5C1EE2140D004174EF /* Resources */ = {
			isa = PBXResourcesBuildPhase;
			buildActionMask = 2147483647;
			files = (
				FC497C6C1EE2140D004174EF /* LaunchScreen.storyboard in Resources */,
				FC497C691EE2140D004174EF /* Assets.xcassets in Resources */,
				FC497C671EE2140D004174EF /* Main.storyboard in Resources */,
			);
			runOnlyForDeploymentPostprocessing = 0;
		};
/* End PBXResourcesBuildPhase section */

/* Begin PBXSourcesBuildPhase section */
		FC497C5A1EE2140D004174EF /* Sources */ = {
			isa = PBXSourcesBuildPhase;
			buildActionMask = 2147483647;
			files = (
				FC497C771EE216E0004174EF /* CircleBtn.swift in Sources */,
				FC497C791EE21AEB004174EF /* MainVC.swift in Sources */,
				FC497C7B1EE21B99004174EF /* BtnProtocol.swift in Sources */,
				FC497C621EE2140D004174EF /* AppDelegate.swift in Sources */,
			);
			runOnlyForDeploymentPostprocessing = 0;
		};
/* End PBXSourcesBuildPhase section */

/* Begin PBXVariantGroup section */
		FC497C651EE2140D004174EF /* Main.storyboard */ = {
			isa = PBXVariantGroup;
			children = (
				FC497C661EE2140D004174EF /* Base */,
			);
			name = Main.storyboard;
			sourceTree = "<group>";
		};
		FC497C6A1EE2140D004174EF /* LaunchScreen.storyboard */ = {
			isa = PBXVariantGroup;
			children = (
				FC497C6B1EE2140D004174EF /* Base */,
			);
			name = LaunchScreen.storyboard;
			sourceTree = "<group>";
		};
/* End PBXVariantGroup section */

/* Begin XCBuildConfiguration section */
		FC497C6E1EE2140D004174EF /* Debug */ = {
			isa = XCBuildConfiguration;
			buildSettings = {
				ALWAYS_SEARCH_USER_PATHS = NO;
				CLANG_ANALYZER_NONNULL = YES;
				CLANG_ANALYZER_NUMBER_OBJECT_CONVERSION = YES_AGGRESSIVE;
				CLANG_CXX_LANGUAGE_STANDARD = "gnu++0x";
				CLANG_CXX_LIBRARY = "libc++";
				CLANG_ENABLE_MODULES = YES;
				CLANG_ENABLE_OBJC_ARC = YES;
				CLANG_WARN_BOOL_CONVERSION = YES;
				CLANG_WARN_CONSTANT_CONVERSION = YES;
				CLANG_WARN_DIRECT_OBJC_ISA_USAGE = YES_ERROR;
				CLANG_WARN_DOCUMENTATION_COMMENTS = YES;
				CLANG_WARN_EMPTY_BODY = YES;
				CLANG_WARN_ENUM_CONVERSION = YES;
				CLANG_WARN_INFINITE_RECURSION = YES;
				CLANG_WARN_INT_CONVERSION = YES;
				CLANG_WARN_OBJC_ROOT_CLASS = YES_ERROR;
				CLANG_WARN_SUSPICIOUS_MOVE = YES;
				CLANG_WARN_UNREACHABLE_CODE = YES;
				CLANG_WARN__DUPLICATE_METHOD_MATCH = YES;
				"CODE_SIGN_IDENTITY[sdk=iphoneos*]" = "iPhone Developer";
				COPY_PHASE_STRIP = NO;
				DEBUG_INFORMATION_FORMAT = dwarf;
				ENABLE_STRICT_OBJC_MSGSEND = YES;
				ENABLE_TESTABILITY = YES;
				GCC_C_LANGUAGE_STANDARD = gnu99;
				GCC_DYNAMIC_NO_PIC = NO;
				GCC_NO_COMMON_BLOCKS = YES;
				GCC_OPTIMIZATION_LEVEL = 0;
				GCC_PREPROCESSOR_DEFINITIONS = (
					"DEBUG=1",
					"$(inherited)",
				);
				GCC_WARN_64_TO_32_BIT_CONVERSION = YES;
				GCC_WARN_ABOUT_RETURN_TYPE = YES_ERROR;
				GCC_WARN_UNDECLARED_SELECTOR = YES;
				GCC_WARN_UNINITIALIZED_AUTOS = YES_AGGRESSIVE;
				GCC_WARN_UNUSED_FUNCTION = YES;
				GCC_WARN_UNUSED_VARIABLE = YES;
				IPHONEOS_DEPLOYMENT_TARGET = 10.3;
				MTL_ENABLE_DEBUG_INFO = YES;
				ONLY_ACTIVE_ARCH = YES;
				SDKROOT = iphoneos;
				SWIFT_ACTIVE_COMPILATION_CONDITIONS = DEBUG;
				SWIFT_OPTIMIZATION_LEVEL = "-Onone";
			};
			name = Debug;
		};
		FC497C6F1EE2140D004174EF /* Release */ = {
			isa = XCBuildConfiguration;
			buildSettings = {
				ALWAYS_SEARCH_USER_PATHS = NO;
				CLANG_ANALYZER_NONNULL = YES;
				CLANG_ANALYZER_NUMBER_OBJECT_CONVERSION = YES_AGGRESSIVE;
				CLANG_CXX_LANGUAGE_STANDARD = "gnu++0x";
				CLANG_CXX_LIBRARY = "libc++";
				CLANG_ENABLE_MODULES = YES;
				CLANG_ENABLE_OBJC_ARC = YES;
				CLANG_WARN_BOOL_CONVERSION = YES;
				CLANG_WARN_CONSTANT_CONVERSION = YES;
				CLANG_WARN_DIRECT_OBJC_ISA_USAGE = YES_ERROR;
				CLANG_WARN_DOCUMENTATION_COMMENTS = YES;
				CLANG_WARN_EMPTY_BODY = YES;
				CLANG_WARN_ENUM_CONVERSION = YES;
				CLANG_WARN_INFINITE_RECURSION = YES;
				CLANG_WARN_INT_CONVERSION = YES;
				CLANG_WARN_OBJC_ROOT_CLASS = YES_ERROR;
				CLANG_WARN_SUSPICIOUS_MOVE = YES;
				CLANG_WARN_UNREACHABLE_CODE = YES;
				CLANG_WARN__DUPLICATE_METHOD_MATCH = YES;
				"CODE_SIGN_IDENTITY[sdk=iphoneos*]" = "iPhone Developer";
				COPY_PHASE_STRIP = NO;
				DEBUG_INFORMATION_FORMAT = "dwarf-with-dsym";
				ENABLE_NS_ASSERTIONS = NO;
				ENABLE_STRICT_OBJC_MSGSEND = YES;
				GCC_C_LANGUAGE_STANDARD = gnu99;
				GCC_NO_COMMON_BLOCKS = YES;
				GCC_WARN_64_TO_32_BIT_CONVERSION = YES;
				GCC_WARN_ABOUT_RETURN_TYPE = YES_ERROR;
				GCC_WARN_UNDECLARED_SELECTOR = YES;
				GCC_WARN_UNINITIALIZED_AUTOS = YES_AGGRESSIVE;
				GCC_WARN_UNUSED_FUNCTION = YES;
				GCC_WARN_UNUSED_VARIABLE = YES;
				IPHONEOS_DEPLOYMENT_TARGET = 10.3;
				MTL_ENABLE_DEBUG_INFO = NO;
				SDKROOT = iphoneos;
				SWIFT_OPTIMIZATION_LEVEL = "-Owholemodule";
				VALIDATE_PRODUCT = YES;
			};
			name = Release;
		};
		FC497C711EE2140D004174EF /* Debug */ = {
			isa = XCBuildConfiguration;
			buildSettings = {
				ASSETCATALOG_COMPILER_APPICON_NAME = AppIcon;
				DEVELOPMENT_TEAM = 93FJH37VVW;
				INFOPLIST_FILE = Scribe/Info.plist;
				LD_RUNPATH_SEARCH_PATHS = "$(inherited) @executable_path/Frameworks";
				PRODUCT_BUNDLE_IDENTIFIER = com.gaoapp.Scribe;
				PRODUCT_NAME = "$(TARGET_NAME)";
				SWIFT_VERSION = 3.0;
			};
			name = Debug;
		};
		FC497C721EE2140D004174EF /* Release */ = {
			isa = XCBuildConfiguration;
			buildSettings = {
				ASSETCATALOG_COMPILER_APPICON_NAME = AppIcon;
				DEVELOPMENT_TEAM = 93FJH37VVW;
				INFOPLIST_FILE = Scribe/Info.plist;
				LD_RUNPATH_SEARCH_PATHS = "$(inherited) @executable_path/Frameworks";
				PRODUCT_BUNDLE_IDENTIFIER = com.gaoapp.Scribe;
				PRODUCT_NAME = "$(TARGET_NAME)";
				SWIFT_VERSION = 3.0;
			};
			name = Release;
		};
/* End XCBuildConfiguration section */

/* Begin XCConfigurationList section */
		FC497C591EE2140D004174EF /* Build configuration list for PBXProject "Scribe" */ = {
			isa = XCConfigurationList;
			buildConfigurations = (
				FC497C6E1EE2140D004174EF /* Debug */,
				FC497C6F1EE2140D004174EF /* Release */,
			);
			defaultConfigurationIsVisible = 0;
			defaultConfigurationName = Release;
		};
		FC497C701EE2140D004174EF /* Build configuration list for PBXNativeTarget "Scribe" */ = {
			isa = XCConfigurationList;
			buildConfigurations = (
				FC497C711EE2140D004174EF /* Debug */,
				FC497C721EE2140D004174EF /* Release */,
			);
			defaultConfigurationIsVisible = 0;
		};
/* End XCConfigurationList section */
	};
	rootObject = FC497C561EE2140D004174EF /* Project object */;
}
